PODS:
  - Capacitor (7.4.3):
    - CapacitorCordova
  - CapacitorCommunityBarcodeScanner (4.0.1):
    - Capacitor
  - CapacitorCordova (7.4.3)
  - DACircularProgress (2.3.1)
  - dsBridge (3.0.202.2):
    - ThingFoundationKit
    - ThingUIKit
  - HMSegmentedControl (1.5.7-v1.5.7.thing.1)
  - IQKeyboardManager (6.5.19)
  - libextobjc (0.6):
    - libextobjc/EXTADT (= 0.6)
    - libextobjc/EXTConcreteProtocol (= 0.6)
    - libextobjc/EXTKeyPathCoding (= 0.6)
    - libextobjc/EXTNil (= 0.6)
    - libextobjc/EXTSafeCategory (= 0.6)
    - libextobjc/EXTScope (= 0.6)
    - libextobjc/EXTSelectorChecking (= 0.6)
    - libextobjc/EXTSynthesize (= 0.6)
    - "libextobjc/NSInvocation+EXT (= 0.6)"
    - "libextobjc/NSMethodSignature+EXT (= 0.6)"
    - libextobjc/RuntimeExtensions (= 0.6)
    - libextobjc/UmbrellaHeader (= 0.6)
  - libextobjc/EXTADT (0.6):
    - libextobjc/RuntimeExtensions
  - libextobjc/EXTConcreteProtocol (0.6):
    - libextobjc/RuntimeExtensions
  - libextobjc/EXTKeyPathCoding (0.6):
    - libextobjc/RuntimeExtensions
  - libextobjc/EXTNil (0.6):
    - libextobjc/RuntimeExtensions
  - libextobjc/EXTSafeCategory (0.6):
    - libextobjc/RuntimeExtensions
  - libextobjc/EXTScope (0.6):
    - libextobjc/RuntimeExtensions
  - libextobjc/EXTSelectorChecking (0.6):
    - libextobjc/RuntimeExtensions
  - libextobjc/EXTSynthesize (0.6):
    - libextobjc/RuntimeExtensions
  - "libextobjc/NSInvocation+EXT (0.6)":
    - libextobjc/RuntimeExtensions
  - "libextobjc/NSMethodSignature+EXT (0.6)":
    - libextobjc/RuntimeExtensions
  - libextobjc/RuntimeExtensions (0.6)
  - libextobjc/UmbrellaHeader (0.6)
  - libwebp (1.5.0):
    - libwebp/demux (= 1.5.0)
    - libwebp/mux (= 1.5.0)
    - libwebp/sharpyuv (= 1.5.0)
    - libwebp/webp (= 1.5.0)
  - libwebp/demux (1.5.0):
    - libwebp/webp
  - libwebp/mux (1.5.0):
    - libwebp/demux
  - libwebp/sharpyuv (1.5.0)
  - libwebp/webp (1.5.0):
    - libwebp/sharpyuv
  - Masonry (1.1.0)
  - MJRefresh (3.7.9)
  - MMKV (101.2.13.2):
    - MMKVCore (~> 101.2.14)
  - MMKVCore (101.2.14.1)
  - ThingActivatorModule (5.23.1):
    - DACircularProgress
    - IQKeyboardManager
    - Masonry
    - ThingActivatorPlugAPI
    - ThingAlertView
    - ThingAuthInterface
    - ThingAuthorizationServices
    - ThingBluetoothInterface
    - ThingBusinessService
    - ThingCameraAuthManager
    - ThingCommonUI
    - ThingDIYHomeInterface
    - ThingDmicContainerAbilitiesAPI
    - ThingEncryptImage
    - ThingFoundationKit
    - ThingHybridContainer
    - ThingKVStorageLibrary
    - ThingLocalNetWorkAuthManager
    - ThingLocationAuthManager
    - ThingLottie
    - ThingModuleManager
    - ThingModuleServices
    - ThingNormalUI
    - ThingOEMConfig
    - ThingPopupViewController
    - ThingRealClass
    - ThingSmartActivatorBizKit
    - ThingSmartActivatorDiscoveryManager
    - ThingSmartActivatorKit
    - ThingSmartBaseKit
    - ThingSmartBusinessLibrary
    - ThingSmartEventPredefined
    - ThingSmartEventPredefined_Public
    - ThingSocketPing
    - ThingTabPagingView
    - ThingUIKit
    - ThingUrlPredefined
    - ThingVideoPlayer
    - TRCTResourceManager
    - YYModel
  - ThingActivatorPlugAPI (2.18.0)
  - ThingAIImageClassifyAPI (1.1.2)
  - ThingAlertView (1.4.5):
    - Masonry
    - ThingFoundationKit
    - ThingOEMConfig
    - ThingRealClass
    - ThingUIKit
  - ThingAnnotationFoundation (0.6.1):
    - ThingMachRegister
  - ThingAPMService (0.5.0)
  - ThingAppLifeCycleSktAPI (1.0.7-anonymize.1)
  - ThingAuthInterface (0.2.2-anonymize.1):
    - ThingAuthorizationServices
    - ThingBluetoothAuthManager
    - ThingModuleManager
  - ThingAuthorizationServices (0.5.0)
  - ThingAutoTrackAPI (1.2.0)
  - ThingBaseDebugger (1.1.10):
    - Masonry
    - ThingModuleManager
    - ThingOEMConfig
    - ThingStorageGroupInterface
    - ThingUIKit
  - ThingBlockKit (0.3.0)
  - ThingBluetooth (5.6.2):
    - ThingSmartUtil (~> 5.13)
  - ThingBluetoothAuthManager (0.2.4):
    - ThingAuthorizationServices
    - ThingBluetoothInterface
    - ThingKVStorageLibrary
    - ThingModuleManager
  - ThingBluetoothInterface (1.22.0):
    - ThingSmartBaseKit
    - ThingSmartDeviceCoreKit
    - ThingSmartUtil
  - ThingBusinessService (0.6.0):
    - ThingDeviceDetailSktAPI
    - ThingDeviceEditSktAPI
    - ThingDeviceMigrateSktAPI
    - ThingGroupHandleSktAPI
    - ThingSmartDeviceCoreKit
  - ThingBusinessTrackAPI (1.0.3)
  - ThingCache (1.1.3):
    - YYModel
  - ThingCameraAPI (2.0.2)
  - ThingCameraAuthManager (0.1.5):
    - ThingAuthorizationServices
    - ThingModuleManager
  - ThingClientConfigAPI (1.1.0)
  - ThingCommonAnimation (0.1.4):
    - ThingUIKit
  - ThingCommonUI (0.5.3):
    - ThingAlertView
    - ThingNavigationController
    - ThingNormalUI
    - ThingOEMConfig
    - ThingProgressHUD
  - ThingConfigHub (1.3.2):
    - ThingAPMService
    - ThingBlockKit
    - ThingFoundationKit
    - ThingMachRegister
    - ThingModuleManager
    - ThingSmartBaseKit
    - ThingSmartEventPredefined
    - ThingSmartUtil
    - YYModel
  - ThingDeviceBusinessDataKit (1.4.2):
    - ThingBluetoothInterface
    - ThingFoundationKit
    - ThingSmartBaseKit
    - ThingSmartDeviceCoreKit
    - ThingSmartShareKit
    - YYModel
  - ThingDeviceDetailKit (0.4.5):
    - ThingBluetoothInterface
    - ThingDeviceBusinessDataKit
    - ThingFoundationKit
    - ThingLogMacro
    - ThingModuleManager
    - ThingSmartBaseKit
    - ThingSmartDeviceCoreKit
    - ThingSmartMatterInterfaceAPI
    - ThingSmartShareKit
    - ThingSmartTimerKit
    - YYModel
  - ThingDeviceDetailPlugAPI (1.2.2)
  - ThingDeviceDetailSktAPI (1.2.0):
    - ThingSmartDeviceCoreKit
  - ThingDeviceDetectionNetworkPlugAPI (1.2.0)
  - ThingDeviceEditPlugAPI (1.2.1):
    - ThingRoomManagerInterface
    - ThingSmartDeviceCoreKit
  - ThingDeviceEditSktAPI (1.2.0)
  - ThingDeviceEvaluationPlugAPI (1.0.0)
  - ThingDeviceInfoPlugAPI (1.2.0)
  - ThingDeviceMigratePlugAPI (1.2.0)
  - ThingDeviceMigrateSktAPI (1.2.0)
  - ThingDeviceNetworkSettingPlugAPI (1.2.0)
  - ThingDeviceShareModulePlugAPI (1.1.0)
  - ThingDeviceSyncPlugAPI (1.2.1)
  - ThingDeviceTimerPlugAPI (0.2.0):
    - ThingSmartTimerKit
  - ThingDeviceTinyBusinessPlugAPI (1.4.0)
  - ThingDIYHomeInterface (1.7.1):
    - ThingMachRegister
  - ThingDmicContainerAbilitiesAPI (1.1.0):
    - ThingSmartNetworkKit
  - ThingDomainQueryAPI (1.1.0)
  - ThingDomainQueryModule (0.3.3):
    - ThingFoundationKit
    - ThingKVStorageLibrary
    - ThingModuleManager
    - ThingModuleServices
    - ThingSmartBaseKit
    - ThingSmartBusinessLibrary
  - ThingEncryptImage (4.33.0):
    - libwebp
    - ThingSmartUtil
  - ThingFamilyAPI (1.7.1)
  - ThingFeedBackModule (1.1.6-anonymize.1):
    - ThingFoundationKit
    - ThingModuleManager
    - ThingModuleServices
    - ThingSmartBusinessLibrary
    - ThingSmartFeedbackKit
    - ThingUIKit
    - YYModel
  - ThingFoundationKit (1.25.1):
    - ThingSmartUtil
  - ThingGeofenceServiceAPI (1.2.0)
  - ThingGroupHandlePlugAPI (1.2.1):
    - ThingSmartDeviceCoreKit
  - ThingGroupHandleSktAPI (1.6.1):
    - ThingSmartDeviceCoreKit
    - ThingSmartUtil
  - ThingGroupManagerKit (1.3.2):
    - ThingBluetoothInterface
    - ThingBusinessTrackAPI
    - ThingConfigHub
    - ThingDeviceBusinessDataKit
    - ThingFoundationKit
    - ThingGroupHandleSktAPI
    - ThingModuleManager
    - ThingSmartDeviceCoreKit
    - ThingSmartShareKit
  - ThingHelpCenterAPI (1.1.0)
  - ThingHelpCenterModule (1.1.0):
    - ThingDomainQueryModule
    - ThingFoundationKit
    - ThingHybridContainer
    - ThingModuleManager
    - ThingModuleServices
  - ThingHomeKitAPI (1.1.3)
  - ThingHomePageSktAPI (0.9.1)
  - ThingHybridContainer (1.19.0):
    - dsBridge (~> 3.0.202)
    - ThingBaseDebugger
    - ThingConfigHub
    - ThingEncryptImage
    - ThingHybridMediaToolsAPI
    - ThingKVStorageLibrary
    - ThingModuleManager
    - ThingModuleServices
    - ThingNavigationController
    - ThingOEMConfig
    - ThingPhotoBrowser
    - ThingSmartBusinessLibrary
    - ThingSmartLocationService
    - ThingSmartNetworkKit
    - ThingSmartUtil
    - ThingUIKit
    - ThingUrlPredefined
    - ThingVideoPlayer
  - ThingHybridMediaToolsAPI (0.0.5-anonymize2.1)
  - ThingImagePickerController (3.7.11):
    - ThingFoundationKit
  - ThingKVStorageCoreLibrary (0.2.6):
    - MMKV
    - ThingSmartUtil
  - ThingKVStorageLibrary (1.0.2):
    - ThingModuleManager
    - ThingStorageGroupInterface
  - ThingKVStorageService (0.2.1):
    - ThingAnnotationFoundation
    - ThingKVStorageCoreLibrary
    - ThingSmartBaseKit
    - ThingStorageGroupInterface
  - ThingLanguageDynamicBiz (0.2.0):
    - ThingFoundationKit
    - ThingKVStorageLibrary
    - ThingLanguageGroupInterface
    - ThingModuleManager
    - ThingOEMConfig
    - ThingSmartBaseKit
    - ThingStorageGroupInterface
    - ThingTarKit
  - ThingLanguageEscape (0.1.3):
    - ThingAnnotationFoundation
    - ThingFoundationKit
    - ThingLanguageGroupInterface
  - ThingLanguageGroupInterface (0.2.0)
  - ThingLanguageManager (0.2.1):
    - ThingFoundationKit
    - ThingKVStorageLibrary
    - ThingLanguageGroupInterface
    - ThingModuleManager
  - ThingLightScenePlugAPI (1.0.1)
  - ThingLightSceneSktAPI (1.0.0)
  - ThingLocalNetWorkAuthManager (0.4.1):
    - ThingAuthorizationServices
    - ThingKVStorageLibrary
    - ThingModuleManager
  - ThingLocationAuthManager (0.1.8):
    - ThingAuthorizationServices
    - ThingModuleManager
  - ThingLoginAPI (1.3.0)
  - ThingLogMacro (0.3.9)
  - ThingLottie (2.6.0)
  - ThingMachRegister (0.8.0)
  - ThingMbedtls (3.5.2)
  - ThingMediaKit (3.5.21):
    - Masonry
    - ThingAIImageClassifyAPI
    - ThingBusinessTrackAPI
    - ThingEncryptImage
    - ThingFoundationKit
    - ThingImagePickerController
    - ThingModuleManager
    - ThingNavigationController
    - ThingProgressHUD
    - ThingSmartBusinessLibrary
    - ThingUIKit
  - ThingModuleManager (2.15.3):
    - ThingAnnotationFoundation
    - ThingFoundationKit
  - ThingModuleServices (4.73.2)
  - ThingNavigationController (1.18.10):
    - ThingFoundationKit
    - ThingUIKit
  - ThingNormalUI (0.4.4):
    - Masonry
    - ThingOEMConfig
    - ThingRealClass
    - ThingUIKit
  - ThingOEMConfig (1.56.5):
    - libextobjc
    - ThingEncryptImage
    - ThingFoundationKit
    - ThingKVStorageLibrary
    - ThingMachRegister
    - ThingSmartBaseKit
    - YYModel
  - ThingOpenSSLSDK (1.1.1-w.4)
  - ThingOTAGeneralExternalAPI (1.1.2)
  - ThingOTAGeneralPlugAPI (1.2.1):
    - ThingSmartDeviceCoreKit
    - YYModel
  - ThingPandoraPlayerModuleAPI (1.0.1)
  - ThingPanelModulePlugAPI (2.27.0):
    - YYModel
  - ThingPhotoBrowser (1.3.4):
    - ThingEncryptImage
    - ThingUIKit
  - ThingPopupViewController (0.4.3):
    - ThingOEMConfig
    - ThingSmartBusinessLibrary
    - ThingUIKit
  - ThingPrivacyAuthCheck (1.3.4):
    - ThingAuthorizationServices
    - ThingBlockKit
    - ThingCommonAnimation
    - ThingCommonUI
    - ThingConfigHub
    - ThingFoundationKit
    - ThingKVStorageLibrary
    - ThingLogMacro
    - ThingMachRegister
    - ThingModuleManager
    - ThingOEMConfig
    - ThingSmartBaseKit
    - ThingSmartBusinessLibrary
    - ThingStatisticsKit
  - ThingPrivacyAuthLink (1.1.0):
    - ThingAuthorizationServices
    - ThingKVStorageLibrary
    - ThingModuleManager
  - ThingProgressHUD (0.4.1):
    - Masonry
    - ThingFoundationKit
    - ThingOEMConfig
    - ThingUIKit
  - ThingPushNotificationAPI (1.1.0)
  - ThingQRCodeModule (1.15.6):
    - ThingFoundationKit
    - ThingLogMacro
    - ThingMediaKit
    - ThingModuleManager
    - ThingModuleServices
    - ThingSmartBaseKit
    - ThingSmartBusinessLibrary
    - ThingUIKit
    - ThingUrlPredefined
    - YYModel
  - ThingRealClass (0.2.1)
  - ThingRoomManagerInterface (0.5.0)
  - ThingSceneEditPlugAPI (0.1.1)
  - ThingSceneEditSktAPI (0.1.2):
    - ThingSmartDeviceCoreKit
  - ThingSceneListPlugAPI (0.1.2)
  - ThingSettingsAPI (1.2.0)
  - ThingSmartActionDialog (0.9.9):
    - Masonry
    - ThingFoundationKit
    - ThingLogMacro
    - ThingOEMConfig
    - ThingUIKit
  - ThingSmartActivatorBizBundle (6.11.0.1):
    - DACircularProgress
    - dsBridge (= 3.0.202.2)
    - HMSegmentedControl (= 1.5.7-v1.5.7.thing.1)
    - IQKeyboardManager
    - libextobjc
    - libextobjc/EXTADT
    - libextobjc/EXTConcreteProtocol
    - libextobjc/EXTKeyPathCoding
    - libextobjc/EXTNil
    - libextobjc/EXTSafeCategory
    - libextobjc/EXTScope
    - libextobjc/EXTSelectorChecking
    - libextobjc/EXTSynthesize
    - "libextobjc/NSInvocation+EXT"
    - "libextobjc/NSMethodSignature+EXT"
    - libextobjc/RuntimeExtensions
    - libextobjc/UmbrellaHeader
    - libwebp
    - libwebp/demux
    - libwebp/mux
    - libwebp/sharpyuv
    - libwebp/webp
    - Masonry
    - MJRefresh
    - MMKV (~> 101.2.13.2)
    - MMKVCore (~> 101.2.14.1)
    - ThingActivatorModule (= 5.23.1)
    - ThingActivatorPlugAPI (= 2.18.0)
    - ThingAIImageClassifyAPI (= 1.1.2)
    - ThingAlertView (= 1.4.5)
    - ThingAnnotationFoundation (~> 0.6)
    - ThingAPMService (~> 0.5)
    - ThingAppLifeCycleSktAPI (= 1.0.7-anonymize.1)
    - ThingAuthInterface (= 0.2.2-anonymize.1)
    - ThingAuthorizationServices (= 0.5.0)
    - ThingAutoTrackAPI (= 1.2.0)
    - ThingBaseDebugger (= 1.1.10)
    - ThingBlockKit (~> 0.3)
    - ThingBluetoothAuthManager (= 0.2.4)
    - ThingBluetoothInterface (~> 1.22)
    - ThingBusinessService (= 0.6.0)
    - ThingBusinessTrackAPI (~> 1.0)
    - ThingCache (= 1.1.3)
    - ThingCameraAPI (= 2.0.2)
    - ThingCameraAuthManager (= 0.1.5)
    - ThingClientConfigAPI (= 1.1.0)
    - ThingCommonAnimation (= 0.1.4)
    - ThingCommonUI (= 0.5.3)
    - ThingConfigHub (~> 1.3)
    - ThingDeviceBusinessDataKit (~> 1.4)
    - ThingDeviceDetailKit (~> 0.4)
    - ThingDeviceDetailPlugAPI (= 1.2.2)
    - ThingDeviceDetailSktAPI (= 1.2.0)
    - ThingDeviceDetectionNetworkPlugAPI (= 1.2.0)
    - ThingDeviceEditPlugAPI (= 1.2.1)
    - ThingDeviceEditSktAPI (= 1.2.0)
    - ThingDeviceEvaluationPlugAPI (= 1.0.0)
    - ThingDeviceInfoPlugAPI (= 1.2.0)
    - ThingDeviceMigratePlugAPI (= 1.2.0)
    - ThingDeviceMigrateSktAPI (= 1.2.0)
    - ThingDeviceNetworkSettingPlugAPI (= 1.2.0)
    - ThingDeviceShareModulePlugAPI (= 1.1.0)
    - ThingDeviceSyncPlugAPI (= 1.2.1)
    - ThingDeviceTimerPlugAPI (= 0.2.0)
    - ThingDeviceTinyBusinessPlugAPI (= 1.4.0)
    - ThingDIYHomeInterface (= 1.7.1)
    - ThingDmicContainerAbilitiesAPI (= 1.1.0)
    - ThingDomainQueryAPI (= 1.1.0)
    - ThingDomainQueryModule (= 0.3.3)
    - ThingEncryptImage (~> 4.33)
    - ThingFamilyAPI (~> 1.7)
    - ThingFeedBackModule (= 1.1.6-anonymize.1)
    - ThingFoundationKit (~> 1.25)
    - ThingGeofenceServiceAPI (= 1.2.0)
    - ThingGroupHandlePlugAPI (= 1.2.1)
    - ThingGroupHandleSktAPI (~> 1.6)
    - ThingGroupManagerKit (~> 1.3)
    - ThingHelpCenterAPI (= 1.1.0)
    - ThingHelpCenterModule (= 1.1.0)
    - ThingHomeKitAPI (~> 1.1)
    - ThingHomePageSktAPI (= 0.9.1)
    - ThingHybridContainer (= 1.19.0)
    - ThingHybridMediaToolsAPI (= 0.0.5-anonymize2.1)
    - ThingImagePickerController (= 3.7.11)
    - ThingKVStorageCoreLibrary (~> 0.2)
    - ThingKVStorageLibrary (~> 1.0)
    - ThingKVStorageService (~> 0.2)
    - ThingLanguageDynamicBiz (= 0.2.0)
    - ThingLanguageEscape (= 0.1.3)
    - ThingLanguageGroupInterface (= 0.2.0)
    - ThingLanguageManager (= 0.2.1)
    - ThingLightScenePlugAPI (= 1.0.1)
    - ThingLightSceneSktAPI (= 1.0.0)
    - ThingLocalNetWorkAuthManager (= 0.4.1)
    - ThingLocationAuthManager (= 0.1.8)
    - ThingLoginAPI (= 1.3.0)
    - ThingLogMacro (~> 0.3)
    - ThingLottie (= 2.6.0)
    - ThingMachRegister (~> 0.8)
    - ThingMbedtls (~> 3.5)
    - ThingMediaKit (= 3.5.21)
    - ThingModuleManager (~> 2.15)
    - ThingModuleServices (= 4.73.2)
    - ThingNavigationController (= 1.18.10)
    - ThingNormalUI (= 0.4.4)
    - ThingOEMConfig (~> 1.56)
    - ThingOpenSSLSDK (~> 1.1.1-w.4)
    - ThingOTAGeneralExternalAPI (= 1.1.2)
    - ThingOTAGeneralPlugAPI (= 1.2.1)
    - ThingPandoraPlayerModuleAPI (= 1.0.1)
    - ThingPanelModulePlugAPI (= 2.27.0)
    - ThingPhotoBrowser (= 1.3.4)
    - ThingPopupViewController (= 0.4.3)
    - ThingPrivacyAuthCheck (= 1.3.4)
    - ThingPrivacyAuthLink (= 1.1.0)
    - ThingProgressHUD (= 0.4.1)
    - ThingPushNotificationAPI (= 1.1.0)
    - ThingQRCodeModule (= 1.15.6)
    - ThingRealClass (= 0.2.1)
    - ThingRoomManagerInterface (= 0.5.0)
    - ThingSceneEditPlugAPI (= 0.1.1)
    - ThingSceneEditSktAPI (= 0.1.2)
    - ThingSceneListPlugAPI (= 0.1.2)
    - ThingSettingsAPI (= 1.2.0)
    - ThingSmartActionDialog (= 0.9.9)
    - ThingSmartActivatorBizKit (= 1.1.0)
    - ThingSmartActivatorCoreKit (~> 5.9)
    - ThingSmartActivatorDiscoveryManager (~> 1.14)
    - ThingSmartActivatorKit (~> 5.60)
    - ThingSmartActivatorLink (= 0.5.0)
    - ThingSmartBaseKit (~> 5.8)
    - ThingSmartBizCore (= 5.12.5)
    - ThingSmartBusinessExtensionKit (~> 6.11)
    - ThingSmartBusinessLibrary (= 1.20.0)
    - ThingSmartCryption
    - ThingSmartDeviceCoreKit (~> 5.24)
    - ThingSmartDeviceKit (~> 5.14)
    - ThingSmartEventPredefined (~> 1.3)
    - ThingSmartEventPredefined_Public (= 0.0.60)
    - ThingSmartFamilyBizKit (~> 1.13)
    - ThingSmartFeedbackKit (~> 5.0)
    - ThingSmartGroupLink (~> 1.5)
    - ThingSmartLocationService (= 1.3.1)
    - ThingSmartMatterInterfaceAPI (~> 1.7)
    - ThingSmartMessageKit (~> 5.6)
    - ThingSmartMQTTChannelKit (~> 5.8)
    - ThingSmartNetworkKit (~> 5.10)
    - ThingSmartPairingCoreKit (~> 5.6)
    - ThingSmartShareKit (~> 5.4)
    - ThingSmartSocketChannelKit (~> 5.0)
    - ThingSmartTimerKit (~> 5.0)
    - ThingSmartUtil (~> 5.19)
    - ThingSocialAPI (= 1.0.5)
    - ThingSocketPing (= 1.2.0)
    - ThingSpaceInfoSktAPI (= 1.7.1)
    - ThingStatisticsKit (= 0.3.0)
    - ThingStorageGroupInterface (~> 0.2)
    - ThingTabPagingView (= 1.0.8-anonymize.1)
    - ThingTarKit (= 1.0.2)
    - ThingThemeModule (= 1.1.0)
    - ThingUIKit (= 1.31.1)
    - ThingUrlPredefined (= 0.3.1)
    - ThingUrlPredefinedExternal (= 0.4.2)
    - ThingVideoPlayer (= 2.1.0)
    - ThingVoIPAPI (= 1.0.1)
    - TRCTResourceManager (= 5.8.1)
    - YYModel
  - ThingSmartActivatorBizKit (1.1.0):
    - ThingBluetoothInterface
    - ThingBusinessService
    - ThingFoundationKit
    - ThingKVStorageLibrary
    - ThingLogMacro
    - ThingModuleManager
    - ThingModuleServices
    - ThingSmartActivatorDiscoveryManager
    - ThingSmartDeviceCoreKit
  - ThingSmartActivatorCoreKit (5.9.0):
    - ThingSmartBaseKit (~> 5.0)
    - ThingSmartDeviceCoreKit (~> 5.0)
    - ThingSmartPairingCoreKit (~> 5.3)
    - ThingSmartSocketChannelKit (~> 5.0)
    - ThingSmartUtil (~> 5.14)
  - ThingSmartActivatorDiscoveryManager (1.14.3):
    - ThingBluetoothInterface
    - ThingHomeKitAPI
    - ThingModuleManager
    - ThingSmartActivatorCoreKit
    - ThingSmartBaseKit
    - ThingSmartMatterInterfaceAPI
    - ThingSmartUtil
    - YYModel
  - ThingSmartActivatorKit (5.60.3):
    - ThingSmartActivatorCoreKit (~> 5.2)
    - ThingSmartDeviceKit (~> 5.0)
    - YYModel
  - ThingSmartActivatorLink (0.5.0):
    - ThingBusinessService
    - ThingFoundationKit
    - ThingModuleManager
    - ThingModuleServices
    - ThingSmartActivatorKit
    - ThingSmartDeviceKit
  - ThingSmartBaseBLEKit (1.0.0):
    - ThingSmartUtil (~> 5.12)
  - ThingSmartBaseKit (5.8.6):
    - ThingSmartMQTTChannelKit (~> 5.0)
    - ThingSmartNetworkKit (~> 5.0)
    - ThingSmartUtil (~> 5.0)
    - YYModel
  - ThingSmartBeaconKit (5.4.3):
    - ThingSmartBaseBLEKit (~> 1.0)
    - ThingSmartBaseKit (~> 5.0)
    - ThingSmartBLECoreKit (~> 5.0)
    - ThingSmartDeviceCoreKit (~> 5.14)
    - ThingSmartUtil (~> 5.14)
  - ThingSmartBizCore (5.12.5):
    - ThingCache
    - ThingConfigHub
    - ThingFoundationKit
    - ThingKVStorageCoreLibrary
    - ThingKVStorageService
    - ThingLanguageDynamicBiz
    - ThingLanguageEscape
    - ThingLanguageGroupInterface
    - ThingLanguageManager
    - ThingModuleManager
    - ThingModuleServices
    - ThingNavigationController
    - ThingOEMConfig
    - ThingSmartBaseKit
    - ThingSmartBusinessLibrary
    - ThingThemeModule
    - ThingUIKit
    - TRCTResourceManager
  - ThingSmartBLECoreKit (5.13.5):
    - ThingBluetooth (< 10.0, ~> 5.5)
    - ThingSmartBaseBLEKit (~> 1.0)
    - ThingSmartUtil (~> 5.18)
    - YYModel
  - ThingSmartBLEKit (5.14.5):
    - ThingBluetooth (< 10.0, ~> 5.6)
    - ThingSmartBaseBLEKit (~> 1.0)
    - ThingSmartBaseKit (~> 5.0)
    - ThingSmartBeaconKit (~> 5.0)
    - ThingSmartBLECoreKit (~> 5.13)
    - ThingSmartDeviceCoreKit (~> 5.15)
    - ThingSmartUtil (~> 5.17)
  - ThingSmartBLEMeshKit (5.13.3):
    - ThingBluetooth (< 10.0, ~> 5.4)
    - ThingSmartActivatorCoreKit (~> 5.0)
    - ThingSmartBaseBLEKit (~> 1.0)
    - ThingSmartBaseKit (~> 5.0)
    - ThingSmartDeviceCoreKit (~> 5.14)
    - ThingSmartUtil (~> 5.14)
  - ThingSmartBusinessExtensionKit (6.11.0.2):
    - libextobjc
    - libextobjc/EXTADT
    - libextobjc/EXTConcreteProtocol
    - libextobjc/EXTKeyPathCoding
    - libextobjc/EXTNil
    - libextobjc/EXTSafeCategory
    - libextobjc/EXTScope
    - libextobjc/EXTSelectorChecking
    - libextobjc/EXTSynthesize
    - "libextobjc/NSInvocation+EXT"
    - "libextobjc/NSMethodSignature+EXT"
    - libextobjc/RuntimeExtensions
    - libextobjc/UmbrellaHeader
    - libwebp
    - libwebp/demux
    - libwebp/mux
    - libwebp/sharpyuv
    - libwebp/webp
    - MMKV (~> 101.2.13.2)
    - MMKVCore (~> 101.2.14.1)
    - ThingAnnotationFoundation (= 0.6.1)
    - ThingAPMService (= 0.5.0)
    - ThingBlockKit (= 0.3.0)
    - ThingBluetoothInterface (= 1.22.0)
    - ThingBusinessTrackAPI (= 1.0.3)
    - ThingConfigHub (= 1.3.2)
    - ThingDeviceBusinessDataKit (= 1.4.2)
    - ThingDeviceDetailKit (= 0.4.5)
    - ThingEncryptImage (= 4.33.0)
    - ThingFamilyAPI (= 1.7.1)
    - ThingFoundationKit (= 1.25.1)
    - ThingGroupHandleSktAPI (= 1.6.1)
    - ThingGroupManagerKit (= 1.3.2)
    - ThingHomeKitAPI (= 1.1.3)
    - ThingKVStorageCoreLibrary (= 0.2.6)
    - ThingKVStorageLibrary (= 1.0.2)
    - ThingKVStorageService (= 0.2.1)
    - ThingLogMacro (= 0.3.9)
    - ThingMachRegister (= 0.8.0)
    - ThingMbedtls (= 3.5.2)
    - ThingModuleManager (= 2.15.3)
    - ThingOEMConfig (= 1.56.5)
    - ThingOpenSSLSDK (~> 1.1.1-w.4)
    - ThingSmartActivatorCoreKit (= 5.9.0)
    - ThingSmartActivatorDiscoveryManager (= 1.14.3)
    - ThingSmartBaseKit (= 5.8.6)
    - ThingSmartCryption
    - ThingSmartDeviceCoreKit (= 5.24.6.1)
    - ThingSmartDeviceKit (= 5.14.2)
    - ThingSmartEventPredefined (= 1.3.0)
    - ThingSmartFamilyBizKit (= 1.13.2)
    - ThingSmartGroupLink (= 1.5.0)
    - ThingSmartMatterInterfaceAPI (= 1.7.1)
    - ThingSmartMessageKit (= 5.6.2)
    - ThingSmartMQTTChannelKit (= 5.8.2)
    - ThingSmartNetworkKit (= 5.10.3)
    - ThingSmartPairingCoreKit (= 5.6.2)
    - ThingSmartShareKit (= 5.4.0)
    - ThingSmartSocketChannelKit (= 5.0.11)
    - ThingSmartTimerKit (= 5.0.0)
    - ThingSmartUtil (= 5.19.0)
    - ThingStorageGroupInterface (= 0.2.1)
    - YYModel
  - ThingSmartBusinessLibrary (1.20.0):
    - Masonry
    - MJRefresh
    - ThingAlertView
    - ThingBlockKit
    - ThingEncryptImage
    - ThingFoundationKit
    - ThingKVStorageLibrary
    - ThingLogMacro
    - ThingLottie
    - ThingModuleManager
    - ThingNavigationController
    - ThingNormalUI
    - ThingOEMConfig
    - ThingProgressHUD
    - ThingSmartActionDialog
    - ThingSmartBaseKit
    - ThingSmartNetworkKit
    - ThingSmartUtil
    - ThingUIKit
    - YYModel
  - ThingSmartCryption (5.0.0)
  - ThingSmartDeviceCoreKit (5.24.6.1):
    - ThingSmartMQTTChannelKit (~> 5.8)
    - ThingSmartNetworkKit (~> 5.0)
    - ThingSmartSocketChannelKit (~> 5.0)
    - ThingSmartUtil (~> 5.18)
    - YYModel
  - ThingSmartDeviceKit (5.14.2):
    - ThingMachRegister
    - ThingSmartBaseKit (~> 5.0)
    - ThingSmartDeviceCoreKit (~> 5.20)
    - ThingSmartMQTTChannelKit (~> 5.5)
    - ThingSmartNetworkKit (>= 5.7.10)
    - ThingSmartShareKit (~> 5.0)
    - YYModel
  - ThingSmartEventPredefined (1.3.0)
  - ThingSmartEventPredefined_Public (0.0.60)
  - ThingSmartFamilyBizKit (1.13.2):
    - ThingEncryptImage
    - ThingFoundationKit
    - ThingKVStorageLibrary
    - ThingModuleManager
    - ThingOEMConfig
    - ThingSmartBaseKit
    - ThingSmartDeviceKit
    - ThingStorageGroupInterface
  - ThingSmartFeedbackKit (5.0.0):
    - ThingSmartBaseKit (~> 5.0)
    - YYModel
  - ThingSmartGroupLink (1.5.0):
    - ThingFamilyAPI
    - ThingGroupHandleSktAPI
    - ThingModuleManager
    - ThingSmartDeviceKit
  - ThingSmartHomeKit (6.11.0.1):
    - ThingBluetooth (= 5.6.2)
    - ThingMachRegister (= 0.8.0)
    - ThingMbedtls (= 3.5.2)
    - ThingOpenSSLSDK (~> 1.1.1-w.4)
    - ThingSmartActivatorCoreKit (= 5.9.0)
    - ThingSmartActivatorKit (= 5.60.3)
    - ThingSmartBaseBLEKit (= 1.0.0)
    - ThingSmartBaseKit (= 5.8.6)
    - ThingSmartBeaconKit (= 5.4.3)
    - ThingSmartBLECoreKit (= 5.13.5)
    - ThingSmartBLEKit (= 5.14.5)
    - ThingSmartBLEMeshKit (= 5.13.3)
    - ThingSmartCryption
    - ThingSmartDeviceCoreKit (= 5.24.6.1)
    - ThingSmartDeviceKit (= 5.14.2)
    - ThingSmartFeedbackKit (= 5.0.0)
    - ThingSmartMessageKit (= 5.6.2)
    - ThingSmartMQTTChannelKit (= 5.8.2)
    - ThingSmartNetworkKit (= 5.10.3)
    - ThingSmartPairingCoreKit (= 5.6.2)
    - ThingSmartSceneCoreKit (= 5.19.1)
    - ThingSmartSceneKit (= 4.0.0)
    - ThingSmartShareKit (= 5.4.0)
    - ThingSmartSocketChannelKit (= 5.0.11)
    - ThingSmartTimerKit (= 5.0.0)
    - ThingSmartUtil (= 5.19.0)
    - YYModel
  - ThingSmartLocationService (1.3.1):
    - Masonry
    - ThingAlertView
    - ThingFoundationKit
    - ThingLogMacro
    - ThingOEMConfig
    - ThingPopupViewController
    - ThingSmartDeviceCoreKit
    - ThingUIKit
  - ThingSmartMatterInterfaceAPI (1.7.1):
    - ThingSmartDeviceCoreKit
  - ThingSmartMessageKit (5.6.2):
    - ThingSmartBaseKit
    - YYModel
  - ThingSmartMQTTChannelKit (5.8.2):
    - ThingSmartUtil (>= 5.0.0)
  - ThingSmartNetworkKit (5.10.3):
    - ThingSmartUtil (>= 5.19.0)
    - YYModel
  - ThingSmartPairingCoreKit (5.6.2):
    - ThingSmartMQTTChannelKit (>= 5.0.0)
    - ThingSmartSocketChannelKit (>= 5.0.0)
    - ThingSmartUtil (>= 5.19.0)
    - YYModel
  - ThingSmartSceneCoreKit (5.19.1):
    - ThingSmartBaseKit
    - ThingSmartDeviceCoreKit
    - ThingSmartNetworkKit (>= 5.7.10)
    - YYModel
  - ThingSmartSceneKit (4.0.0):
    - ThingSmartBaseKit
    - ThingSmartDeviceKit
    - ThingSmartSceneCoreKit
  - ThingSmartShareKit (5.4.0):
    - ThingSmartBaseKit (~> 5.0)
    - ThingSmartDeviceCoreKit (~> 5.0)
  - ThingSmartSocketChannelKit (5.0.11):
    - ThingSmartUtil (>= 5.0.0)
  - ThingSmartTimerKit (5.0.0):
    - ThingSmartBaseKit (~> 5.0)
    - ThingSmartDeviceCoreKit (~> 5.0)
    - YYModel
  - ThingSmartUtil (5.19.0):
    - ThingMbedtls (= 3.5.2)
    - ThingOpenSSLSDK (~> 1.1.1-t.0)
  - ThingSocialAPI (1.0.5)
  - ThingSocketPing (1.2.0):
    - ThingSmartBaseKit
  - ThingSpaceInfoSktAPI (1.7.1):
    - ThingMachRegister
  - ThingStatisticsKit (0.3.0):
    - ThingAPMService
    - ThingFoundationKit
    - ThingLogMacro
    - ThingModuleManager
    - ThingModuleServices
    - ThingSmartEventPredefined
    - ThingSmartEventPredefined_Public
  - ThingStorageGroupInterface (0.2.1)
  - ThingTabPagingView (1.0.8-anonymize.1):
    - HMSegmentedControl
    - ThingFoundationKit
    - ThingSmartBusinessLibrary
    - ThingUIKit
  - ThingTarKit (1.0.2)
  - ThingThemeModule (1.1.0):
    - ThingModuleManager
    - ThingModuleServices
    - ThingNavigationController
    - ThingOEMConfig
    - ThingUIKit
  - ThingUIKit (1.31.1):
    - Masonry
    - ThingLogMacro
    - ThingOEMConfig
  - ThingUrlPredefined (0.3.1):
    - ThingUrlPredefinedExternal
  - ThingUrlPredefinedExternal (0.4.2)
  - ThingVideoPlayer (2.1.0):
    - Masonry
    - ThingFoundationKit
    - ThingSmartBusinessLibrary
  - ThingVoIPAPI (1.0.1)
  - TRCTResourceManager (5.8.1)
  - YYModel (1.0.4)

DEPENDENCIES:
  - "Capacitor (from `../../node_modules/@capacitor/ios`)"
  - "CapacitorCommunityBarcodeScanner (from `../../node_modules/@capacitor-community/barcode-scanner`)"
  - "CapacitorCordova (from `../../node_modules/@capacitor/ios`)"
  - ThingSmartActivatorBizBundle (~> 6.11.0)
  - ThingSmartCryption (from `../../iOS_SDK-2`)
  - ThingSmartHomeKit (~> 6.11.0)

SPEC REPOS:
  https://github.com/CocoaPods/Specs.git:
    - DACircularProgress
    - IQKeyboardManager
    - libextobjc
    - libwebp
    - Masonry
    - MJRefresh
    - YYModel
  https://github.com/tuya/tuya-pod-specs.git:
    - dsBridge
    - HMSegmentedControl
    - MMKV
    - MMKVCore
    - ThingActivatorModule
    - ThingActivatorPlugAPI
    - ThingAIImageClassifyAPI
    - ThingAlertView
    - ThingAnnotationFoundation
    - ThingAPMService
    - ThingAppLifeCycleSktAPI
    - ThingAuthInterface
    - ThingAuthorizationServices
    - ThingAutoTrackAPI
    - ThingBaseDebugger
    - ThingBlockKit
    - ThingBluetooth
    - ThingBluetoothAuthManager
    - ThingBluetoothInterface
    - ThingBusinessService
    - ThingBusinessTrackAPI
    - ThingCache
    - ThingCameraAPI
    - ThingCameraAuthManager
    - ThingClientConfigAPI
    - ThingCommonAnimation
    - ThingCommonUI
    - ThingConfigHub
    - ThingDeviceBusinessDataKit
    - ThingDeviceDetailKit
    - ThingDeviceDetailPlugAPI
    - ThingDeviceDetailSktAPI
    - ThingDeviceDetectionNetworkPlugAPI
    - ThingDeviceEditPlugAPI
    - ThingDeviceEditSktAPI
    - ThingDeviceEvaluationPlugAPI
    - ThingDeviceInfoPlugAPI
    - ThingDeviceMigratePlugAPI
    - ThingDeviceMigrateSktAPI
    - ThingDeviceNetworkSettingPlugAPI
    - ThingDeviceShareModulePlugAPI
    - ThingDeviceSyncPlugAPI
    - ThingDeviceTimerPlugAPI
    - ThingDeviceTinyBusinessPlugAPI
    - ThingDIYHomeInterface
    - ThingDmicContainerAbilitiesAPI
    - ThingDomainQueryAPI
    - ThingDomainQueryModule
    - ThingEncryptImage
    - ThingFamilyAPI
    - ThingFeedBackModule
    - ThingFoundationKit
    - ThingGeofenceServiceAPI
    - ThingGroupHandlePlugAPI
    - ThingGroupHandleSktAPI
    - ThingGroupManagerKit
    - ThingHelpCenterAPI
    - ThingHelpCenterModule
    - ThingHomeKitAPI
    - ThingHomePageSktAPI
    - ThingHybridContainer
    - ThingHybridMediaToolsAPI
    - ThingImagePickerController
    - ThingKVStorageCoreLibrary
    - ThingKVStorageLibrary
    - ThingKVStorageService
    - ThingLanguageDynamicBiz
    - ThingLanguageEscape
    - ThingLanguageGroupInterface
    - ThingLanguageManager
    - ThingLightScenePlugAPI
    - ThingLightSceneSktAPI
    - ThingLocalNetWorkAuthManager
    - ThingLocationAuthManager
    - ThingLoginAPI
    - ThingLogMacro
    - ThingLottie
    - ThingMachRegister
    - ThingMbedtls
    - ThingMediaKit
    - ThingModuleManager
    - ThingModuleServices
    - ThingNavigationController
    - ThingNormalUI
    - ThingOEMConfig
    - ThingOpenSSLSDK
    - ThingOTAGeneralExternalAPI
    - ThingOTAGeneralPlugAPI
    - ThingPandoraPlayerModuleAPI
    - ThingPanelModulePlugAPI
    - ThingPhotoBrowser
    - ThingPopupViewController
    - ThingPrivacyAuthCheck
    - ThingPrivacyAuthLink
    - ThingProgressHUD
    - ThingPushNotificationAPI
    - ThingQRCodeModule
    - ThingRealClass
    - ThingRoomManagerInterface
    - ThingSceneEditPlugAPI
    - ThingSceneEditSktAPI
    - ThingSceneListPlugAPI
    - ThingSettingsAPI
    - ThingSmartActionDialog
    - ThingSmartActivatorBizBundle
    - ThingSmartActivatorBizKit
    - ThingSmartActivatorCoreKit
    - ThingSmartActivatorDiscoveryManager
    - ThingSmartActivatorKit
    - ThingSmartActivatorLink
    - ThingSmartBaseBLEKit
    - ThingSmartBaseKit
    - ThingSmartBeaconKit
    - ThingSmartBizCore
    - ThingSmartBLECoreKit
    - ThingSmartBLEKit
    - ThingSmartBLEMeshKit
    - ThingSmartBusinessExtensionKit
    - ThingSmartBusinessLibrary
    - ThingSmartDeviceCoreKit
    - ThingSmartDeviceKit
    - ThingSmartEventPredefined
    - ThingSmartEventPredefined_Public
    - ThingSmartFamilyBizKit
    - ThingSmartFeedbackKit
    - ThingSmartGroupLink
    - ThingSmartHomeKit
    - ThingSmartLocationService
    - ThingSmartMatterInterfaceAPI
    - ThingSmartMessageKit
    - ThingSmartMQTTChannelKit
    - ThingSmartNetworkKit
    - ThingSmartPairingCoreKit
    - ThingSmartSceneCoreKit
    - ThingSmartSceneKit
    - ThingSmartShareKit
    - ThingSmartSocketChannelKit
    - ThingSmartTimerKit
    - ThingSmartUtil
    - ThingSocialAPI
    - ThingSocketPing
    - ThingSpaceInfoSktAPI
    - ThingStatisticsKit
    - ThingStorageGroupInterface
    - ThingTabPagingView
    - ThingTarKit
    - ThingThemeModule
    - ThingUIKit
    - ThingUrlPredefined
    - ThingUrlPredefinedExternal
    - ThingVideoPlayer
    - ThingVoIPAPI
    - TRCTResourceManager

EXTERNAL SOURCES:
  Capacitor:
    :path: "../../node_modules/@capacitor/ios"
  CapacitorCommunityBarcodeScanner:
    :path: "../../node_modules/@capacitor-community/barcode-scanner"
  CapacitorCordova:
    :path: "../../node_modules/@capacitor/ios"
  ThingSmartCryption:
    :path: "../../iOS_SDK-2"

SPEC CHECKSUMS:
  Capacitor: b4741ca7affb32c1b70debd03df92cbf522d8a80
  CapacitorCommunityBarcodeScanner: 7feb206489c8555a8ca0c74c57ddf49ead774eb8
  CapacitorCordova: 435121e81a2df4d0034f0fb11fcefab5104cfdb5
  DACircularProgress: 4dd437c0fc3da5161cb289e07ac449493d41db71
  dsBridge: 57c143231959462a85aaab420ef640fb1edd40bc
  HMSegmentedControl: d1c5d14e4ad5f117c9826e476ee02c5a640aab64
  IQKeyboardManager: c8665b3396bd0b79402b4c573eac345a31c7d485
  libextobjc: aed8b7d2b07f511c1a7ecaacb33ea03e327c69b7
  libwebp: 02b23773aedb6ff1fd38cec7a77b81414c6842a8
  Masonry: 678fab65091a9290e40e2832a55e7ab731aad201
  MJRefresh: ff9e531227924c84ce459338414550a05d2aea78
  MMKV: 1a98e8d019dd06023091ea48b49b7506fee381a8
  MMKVCore: c24975f7f2532fa96567ae9d2e91bea1256f4a84
  ThingActivatorModule: 18d67731052fdb1e55c04a1ea472969ded10dd30
  ThingActivatorPlugAPI: 3a8e04172634ddc45e1765dfdb804283b9ad9b7b
  ThingAIImageClassifyAPI: 2d5af5b59c7168890ff93a4c26fcd856f9489265
  ThingAlertView: e40a1033749b5de867607d6c19dd64955d1e6c17
  ThingAnnotationFoundation: 6d65fed69cfffe1247c06e48e5d4fe005cea075d
  ThingAPMService: 6ed408a268fb2b6ec192a0b5f1306441ff3f1e1b
  ThingAppLifeCycleSktAPI: 1a98f936e403c5c2b86295cfff24c6e707d97055
  ThingAuthInterface: fa9c7ec00a456cb447b11924242920353f3f4949
  ThingAuthorizationServices: c39e7844f33b455b136398fcf1e549be341cd984
  ThingAutoTrackAPI: 498c02638899b59847a9289ef48e911db969ac31
  ThingBaseDebugger: 211cacc2ff2feab2d929e66e759b0cb4226433be
  ThingBlockKit: f5838a79821f5c5f6c7ddb290c0a0a1509090ffd
  ThingBluetooth: 3eb0398479495e871035a565d6dfe60853967436
  ThingBluetoothAuthManager: 78b165a7744b925a2a944c84de4cc06ccd7fba77
  ThingBluetoothInterface: 310fdb709ce6dd4fc16bca42fffadf8846bd2ad8
  ThingBusinessService: 1cc51b422cdad9f6fb80ed65fa4830021dd8a0dc
  ThingBusinessTrackAPI: cf4d300a91c852a710affb55e2c1105665018bd7
  ThingCache: 2973bd46546739d9bda9938eba14afb66c84868a
  ThingCameraAPI: b5055f4630f62084a91e54319c62efe10f6c67a8
  ThingCameraAuthManager: e7bc368b468bcdb9390f6c689345bb49b29eaadf
  ThingClientConfigAPI: 1bfcf60f53d3187b3a8b71f22bbb4da2ecf09cb1
  ThingCommonAnimation: 31c611568d08c4328c2888b6471ba7a87c80e592
  ThingCommonUI: 3bd1ff20bb33d70e6417a2ce543cd215fcdd9350
  ThingConfigHub: ac2ceeecdcd287f2fd3eb219113e735368313ac9
  ThingDeviceBusinessDataKit: 08712fb3ff5870515f6a3e451d3ec46f68ada04e
  ThingDeviceDetailKit: 588f9e44ecd3e85123b315e9d9e7e4123b47c8dd
  ThingDeviceDetailPlugAPI: ca8583955802eb5797ade3b55cd43f29506472ac
  ThingDeviceDetailSktAPI: 588a8a59b66c04c9123880501ab813dad1cf54dc
  ThingDeviceDetectionNetworkPlugAPI: 84c17b8df145db88b1c46c8f709aa5bc2f3e3fa3
  ThingDeviceEditPlugAPI: 3c85eaf42a76cf4746d61229f215ffe7ce7003f9
  ThingDeviceEditSktAPI: 0a0005530db03d7cc6ebe56796ba4e941600d4a1
  ThingDeviceEvaluationPlugAPI: 07ed8df9a65c1d25a92408100d72143227ae80cb
  ThingDeviceInfoPlugAPI: 18a2ad439f5665e399d9559e0758f155c31aaf36
  ThingDeviceMigratePlugAPI: c7f48ecccaa616344c1f795bc0e586da3af05700
  ThingDeviceMigrateSktAPI: a380a40ce80b149ac0ae0de116779162770be516
  ThingDeviceNetworkSettingPlugAPI: 310f1a42f4d8a341e1c5735d141d62f59bec3311
  ThingDeviceShareModulePlugAPI: 7f2eadf579b8f70eb34fc7947e34702827cb1e1a
  ThingDeviceSyncPlugAPI: 0dde2b58462a693905dfaf6bd2d5de2461a1af49
  ThingDeviceTimerPlugAPI: b1d4287460af954313bc3388422d369cf8f186ca
  ThingDeviceTinyBusinessPlugAPI: 618ae6a70dcbb53319065fcef09ba773b1d4b68c
  ThingDIYHomeInterface: b96525bed8fc426173c99a539ad17ca5728495db
  ThingDmicContainerAbilitiesAPI: db94a31b21346b08dcf777f0487a0cd1efe87447
  ThingDomainQueryAPI: 477895513831db2702c929c41af77633d87df97c
  ThingDomainQueryModule: 3aed2d5892405ab9090b4f28bb8327dd2c284547
  ThingEncryptImage: a596d62f177d03260613acd05858baeb287e2f0c
  ThingFamilyAPI: 55e4fc138a4db715c857467b846a59eab9d96d82
  ThingFeedBackModule: 6f241c0dd8e2012989d678051e2295475c6c78e7
  ThingFoundationKit: 34280c5a38a8ab09a5f40229ca48d2aa33b077fa
  ThingGeofenceServiceAPI: f58ed04e121b17d29e988177c5d2b092516ceb31
  ThingGroupHandlePlugAPI: 59bf44b625236022f269491c34a1bdbe04f365b2
  ThingGroupHandleSktAPI: ecf45f2cd6956e8a165beb1ef616aa69709e5583
  ThingGroupManagerKit: 718bd4061318651d80c3b8d0383131c1b2671011
  ThingHelpCenterAPI: 6ca7466efc1db0c4a7b75d2c83ab027a0681a750
  ThingHelpCenterModule: f889a70e9f075b9cf53ed7982dff462bec20c3bc
  ThingHomeKitAPI: a44b8e2b7783749091c4ea777a6dc7bc1dd02f8d
  ThingHomePageSktAPI: 1767e815543310ce3c64db4f39961992cdb7ac14
  ThingHybridContainer: 5e074f313c743b1601d92f1543c74be1d49f49de
  ThingHybridMediaToolsAPI: a58ee75ce777d8ebdece7450c36be9a64ab30606
  ThingImagePickerController: 0de51f4094acb5324f40ad8abcbb5c81d44d6b66
  ThingKVStorageCoreLibrary: 0060a1969f087a3d5151a5714ec8b6c1a2af6289
  ThingKVStorageLibrary: e1e7373ac7a0e3d94f3fd666f9dfec7aedfc2507
  ThingKVStorageService: 1af3c725cc40f33738d8b4fb39e31f6c596db5ef
  ThingLanguageDynamicBiz: bff48f5e4eb7006698740e5344a4ba75f10ccbbf
  ThingLanguageEscape: cdfb1f7beacdc1e92ec4cb6154fc5aea73b43f09
  ThingLanguageGroupInterface: 1da2d9d97cef707e43cefece1bd7885e2cba361b
  ThingLanguageManager: aa52e346ff20d72b96d3bb185e5234058397629a
  ThingLightScenePlugAPI: 177e347351c57578257201f9c65c8da52a6ff4d7
  ThingLightSceneSktAPI: 9d1bdeda71d01124fe0b866c3fc588f38d53e2d0
  ThingLocalNetWorkAuthManager: d44397b600d1af91496dfe61072af9023224128a
  ThingLocationAuthManager: 87e59b4def1ab1f7201a2bbcdc249fbc5790d431
  ThingLoginAPI: d5b0a2cb9248b2257def11bb5007659a07746251
  ThingLogMacro: 2b9bb80625e9eeca2db293dc870be017c7b0ba8a
  ThingLottie: e091b0b241bef92f6eefcadc501b5f2bd74451ea
  ThingMachRegister: 44c6eb53032ebfdeeaa1b610071e2cc8b5bfa0ff
  ThingMbedtls: 52721dc4ab458c5bcd4e2d679fc08d1bb716f3a0
  ThingMediaKit: cf8b7661bfb906ed23c1ffa3522a7310a8c8bc87
  ThingModuleManager: 5f022f0b46d47ef0940eb60c985b5e071e1af2e5
  ThingModuleServices: 7c62368187442c7c7977666e89a1cf8d6c627aa6
  ThingNavigationController: bb6b7b98cd9389c82c6e44b9b0546dbd35135741
  ThingNormalUI: 0fcd320d3f971172ce08ee9cb58f6e70bc543ca6
  ThingOEMConfig: 275b84b0d40cb608786fac2b4a7bc64928b6b28d
  ThingOpenSSLSDK: 838c9c839f77cad49e23fa007221794965325459
  ThingOTAGeneralExternalAPI: 1a04e208679041277a074f9e13e30e1f5badbdea
  ThingOTAGeneralPlugAPI: 0152f0de5276e18a33348af9b6b325496a80327a
  ThingPandoraPlayerModuleAPI: 5b85afbcd3bd8fe58d585b0a66d246116be53207
  ThingPanelModulePlugAPI: c69b60c8eee699847cb44eb6c14ed455de84c50d
  ThingPhotoBrowser: b371aa997655f9d0be4af0a2bda416d1a9c1002b
  ThingPopupViewController: 44efd19a86ebf7d30844293100661ee191356cad
  ThingPrivacyAuthCheck: 43ec29a6fb47c3a85b496eeb3e2f9272960186b5
  ThingPrivacyAuthLink: 1ada8c545dded1746b0159f060c6961b6c5f319a
  ThingProgressHUD: 7ff83ad84d203fd4f2ea2a097084c190c471c0c4
  ThingPushNotificationAPI: e32565660fce1395bf0a598d71b901b1359d6ad2
  ThingQRCodeModule: 1af500cd3aa1b9ff74e0ae306986251d7100b986
  ThingRealClass: 95594fdf3fe8327174de359b7c46c7c3c9e8ea02
  ThingRoomManagerInterface: 4fcf9b1a8b0dbc9e2fe927f4a11324fc3678c564
  ThingSceneEditPlugAPI: dfac5c154131c3187e66a5a50163ce3d6018de3d
  ThingSceneEditSktAPI: 66ccdb4d4bf9a850393dfc956b01be740b8e15c1
  ThingSceneListPlugAPI: 66fa8a45b86194085f484119d565cd4d34175aa2
  ThingSettingsAPI: 09e22b8ffa7d6815b03408b0e03e5f25ed94791e
  ThingSmartActionDialog: 13521a0f3fb5b209d5aa09f555514767576950f1
  ThingSmartActivatorBizBundle: 787325785d1976063bdab77a699a2c623e594846
  ThingSmartActivatorBizKit: 4dfcf4a6b38b97ad8e03293aec5de3be7d58d97e
  ThingSmartActivatorCoreKit: 4420040a0f93df3eb3af933249ff294c5c9fd874
  ThingSmartActivatorDiscoveryManager: 428be09065f0f8d7b2c13de912bd662a4c23fcc7
  ThingSmartActivatorKit: 9c09d6e04c0306d5c7c4be5ed6457beb7b4385ad
  ThingSmartActivatorLink: 926de73d9244dbb5d8713776098d40025fd53759
  ThingSmartBaseBLEKit: ce4744d0ef3f4327b8c6c1f101a5836b804b7484
  ThingSmartBaseKit: 2e718caea2ba0ef28e42376738c777c0e578c0fe
  ThingSmartBeaconKit: d5507eea8d118a8ef96abcbd79816c207dffdf41
  ThingSmartBizCore: 97c8289a953247f097fa8cf48367d411ae7da46d
  ThingSmartBLECoreKit: 7542cf71dbc6b9eb9efb812fdb621bcb47e5978d
  ThingSmartBLEKit: 24f398f6603db358d375ccf079b7641735c62fa2
  ThingSmartBLEMeshKit: 23cf1730f18d52d2b70c98a14f9fa9ff2791e6de
  ThingSmartBusinessExtensionKit: 42d859f17727539ba9041408fb7994cba1603efb
  ThingSmartBusinessLibrary: e9dccb04aafd530f340979c6ab363a4835d73473
  ThingSmartCryption: 33906a7bf4d19f26bf90dccde474e2bcba46c21f
  ThingSmartDeviceCoreKit: 501df4df49d1710a0f13e1bdaf4c30f26e17d350
  ThingSmartDeviceKit: 5d3fc3a40fec31d9851723ef5a27f3faf57cada2
  ThingSmartEventPredefined: 31f101174315ac74844c63354a607f09bf40a838
  ThingSmartEventPredefined_Public: 9ac05c423ee935e01c7fdcec85148766046b17df
  ThingSmartFamilyBizKit: 5d6222cb2a9dfe61874e80fef5e9d59929cce921
  ThingSmartFeedbackKit: 9cdd6d748f06b20fec1076eedae5dc07c3c2e8d0
  ThingSmartGroupLink: c85c6d4ff34ab7667c317fb574626af79856654f
  ThingSmartHomeKit: e0533a5400ab2da3aad939038ccfd5f9bc296e24
  ThingSmartLocationService: 318e1f34e0b15428c33b7ad47436358c93a258e1
  ThingSmartMatterInterfaceAPI: 677a68b8b757ee07c47c5eea321a2aa9fbac5312
  ThingSmartMessageKit: 5eff70a60ad40a199f23f34d237d308f98fcf1fb
  ThingSmartMQTTChannelKit: 2e76a6cc2e161a4ee086bef9168cc691c6efc39e
  ThingSmartNetworkKit: 2eabceb99c6cd0ba4ed5390d6fc552bf892a92c9
  ThingSmartPairingCoreKit: c4b9e9adfe636a5b458e04f30df8d3724a564063
  ThingSmartSceneCoreKit: c81f07ddfd4a48b68087d2c1a1b78a0fdfbbf290
  ThingSmartSceneKit: d738bbf17790e3b4e087cb820f66dfcd5d7aa551
  ThingSmartShareKit: 5d97cf5e650ba28484c114c871e292a53aa7030f
  ThingSmartSocketChannelKit: 3251b177c2cb6bb4ec51754ea7e21f2c302ab0da
  ThingSmartTimerKit: 092435bef111dc7f2086e015643641e7e984bdcd
  ThingSmartUtil: d0ad7bef1ec517a4be33a853a1c9ee61608c0929
  ThingSocialAPI: 6cf49d58c345439d2348ad6ae173404c7e310f95
  ThingSocketPing: 73e9554b082fe0b714f2155a024576810aee20cf
  ThingSpaceInfoSktAPI: 33eead9c770d02ba8a110cff60c09a021b9564e7
  ThingStatisticsKit: 7ec5815d469daeb2853e1c737394e8b486bb2bf1
  ThingStorageGroupInterface: 2b0792cb037451b26d6cb1cf9a03c52666ddbf4f
  ThingTabPagingView: 1a0b2c0e8c3ee03031de3216a09f6a819758896c
  ThingTarKit: dae3fb34d8b681e405433d8f7f6144c85b969d38
  ThingThemeModule: 55e1e01cd9f30e39526edeace394bc811ba90d18
  ThingUIKit: 38162e7db0a8ec91b758af45bd2042a26fd24d2a
  ThingUrlPredefined: 97fa289323e9ab9eca74f89763091af48fc2352b
  ThingUrlPredefinedExternal: 81297463170e4ae28ad7dae5db6feb353955b0fe
  ThingVideoPlayer: a66c4171d824c6eed6ba59e14d3a78e4f2e54cb0
  ThingVoIPAPI: 42d21b6b7c7c83f61c483e9cecd56a00e759db10
  TRCTResourceManager: 8dbe838bb252de23f84c62c3838f6fd6c2f39cf0
  YYModel: 2a7fdd96aaa4b86a824e26d0c517de8928c04b30

PODFILE CHECKSUM: 712975bb104d87b45764a15d48657fa809381add

COCOAPODS: 1.16.2
