PODS:
  - Capacitor (7.4.3):
    - CapacitorCordova
  - CapacitorCommunityBarcodeScanner (4.0.1):
    - Capacitor
  - CapacitorCordova (7.4.3)

DEPENDENCIES:
  - "Capacitor (from `../../node_modules/@capacitor/ios`)"
  - "CapacitorCommunityBarcodeScanner (from `../../node_modules/@capacitor-community/barcode-scanner`)"
  - "CapacitorCordova (from `../../node_modules/@capacitor/ios`)"

EXTERNAL SOURCES:
  Capacitor:
    :path: "../../node_modules/@capacitor/ios"
  CapacitorCommunityBarcodeScanner:
    :path: "../../node_modules/@capacitor-community/barcode-scanner"
  CapacitorCordova:
    :path: "../../node_modules/@capacitor/ios"

SPEC CHECKSUMS:
  Capacitor: b4741ca7affb32c1b70debd03df92cbf522d8a80
  CapacitorCommunityBarcodeScanner: 7feb206489c8555a8ca0c74c57ddf49ead774eb8
  CapacitorCordova: 435121e81a2df4d0034f0fb11fcefab5104cfdb5

PODFILE CHECKSUM: bd29899fe89337ea441a9ae6f398d826380d2bea

COCOAPODS: 1.16.2
